// !$*UTF8*$!
{
	archiveVersion = 1;
	classes = {
	};
	objectVersion = 55;
	objects = {

/* Begin PBXBuildFile section */
		8CADC40128A513C900AC81EE /* MapViewController.swift in Sources */ = {isa = PBXBuildFile; fileRef = 8CADC40028A513C900AC81EE /* MapViewController.swift */; };
		8CADC40328A535F600AC81EE /* TheaterModel.swift in Sources */ = {isa = PBXBuildFile; fileRef = 8CADC40228A535F600AC81EE /* TheaterModel.swift */; };
		8CADC40528A5360C00AC81EE /* TheaterDummyData.swift in Sources */ = {isa = PBXBuildFile; fileRef = 8CADC40428A5360C00AC81EE /* TheaterDummyData.swift */; };
		8CB31DE628A51257002B90C9 /* AppDelegate.swift in Sources */ = {isa = PBXBuildFile; fileRef = 8CB31DE528A51257002B90C9 /* AppDelegate.swift */; };
		8CB31DE828A51257002B90C9 /* SceneDelegate.swift in Sources */ = {isa = PBXBuildFile; fileRef = 8CB31DE728A51257002B90C9 /* SceneDelegate.swift */; };
		8CB31DED28A51257002B90C9 /* Main.storyboard in Resources */ = {isa = PBXBuildFile; fileRef = 8CB31DEB28A51257002B90C9 /* Main.storyboard */; };
		8CB31DEF28A51258002B90C9 /* Assets.xcassets in Resources */ = {isa = PBXBuildFile; fileRef = 8CB31DEE28A51258002B90C9 /* Assets.xcassets */; };
		8CB31DF228A51258002B90C9 /* LaunchScreen.storyboard in Resources */ = {isa = PBXBuildFile; fileRef = 8CB31DF028A51258002B90C9 /* LaunchScreen.storyboard */; };
/* End PBXBuildFile section */

/* Begin PBXFileReference section */
		8CADC40028A513C900AC81EE /* MapViewController.swift */ = {isa = PBXFileReference; lastKnownFileType = sourcecode.swift; path = MapViewController.swift; sourceTree = "<group>"; };
		8CADC40228A535F600AC81EE /* TheaterModel.swift */ = {isa = PBXFileReference; lastKnownFileType = sourcecode.swift; path = TheaterModel.swift; sourceTree = "<group>"; };
		8CADC40428A5360C00AC81EE /* TheaterDummyData.swift */ = {isa = PBXFileReference; lastKnownFileType = sourcecode.swift; path = TheaterDummyData.swift; sourceTree = "<group>"; };
		8CB31DE228A51257002B90C9 /* MapProject.app */ = {isa = PBXFileReference; explicitFileType = wrapper.application; includeInIndex = 0; path = MapProject.app; sourceTree = BUILT_PRODUCTS_DIR; };
		8CB31DE528A51257002B90C9 /* AppDelegate.swift */ = {isa = PBXFileReference; lastKnownFileType = sourcecode.swift; path = AppDelegate.swift; sourceTree = "<group>"; };
		8CB31DE728A51257002B90C9 /* SceneDelegate.swift */ = {isa = PBXFileReference; lastKnownFileType = sourcecode.swift; path = SceneDelegate.swift; sourceTree = "<group>"; };
		8CB31DEC28A51257002B90C9 /* Base */ = {isa = PBXFileReference; lastKnownFileType = file.storyboard; name = Base; path = Base.lproj/Main.storyboard; sourceTree = "<group>"; };
		8CB31DEE28A51258002B90C9 /* Assets.xcassets */ = {isa = PBXFileReference; lastKnownFileType = folder.assetcatalog; path = Assets.xcassets; sourceTree = "<group>"; };
		8CB31DF128A51258002B90C9 /* Base */ = {isa = PBXFileReference; lastKnownFileType = file.storyboard; name = Base; path = Base.lproj/LaunchScreen.storyboard; sourceTree = "<group>"; };
		8CB31DF328A51258002B90C9 /* Info.plist */ = {isa = PBXFileReference; lastKnownFileType = text.plist.xml; path = Info.plist; sourceTree = "<group>"; };
/* End PBXFileReference section */

/* Begin PBXFrameworksBuildPhase section */
		8CB31DDF28A51257002B90C9 /* Frameworks */ = {
			isa = PBXFrameworksBuildPhase;
			buildActionMask = 2147483647;
			files = (
			);
			runOnlyForDeploymentPostprocessing = 0;
		};
/* End PBXFrameworksBuildPhase section */

/* Begin PBXGroup section */
		8CB31DD928A51257002B90C9 = {
			isa = PBXGroup;
			children = (
				8CB31DE428A51257002B90C9 /* MapProject */,
				8CB31DE328A51257002B90C9 /* Products */,
			);
			sourceTree = "<group>";
		};
		8CB31DE328A51257002B90C9 /* Products */ = {
			isa = PBXGroup;
			children = (
				8CB31DE228A51257002B90C9 /* MapProject.app */,
			);
			name = Products;
			sourceTree = "<group>";
		};
		8CB31DE428A51257002B90C9 /* MapProject */ = {
			isa = PBXGroup;
			children = (
				8CB31DE528A51257002B90C9 /* AppDelegate.swift */,
				8CB31DE728A51257002B90C9 /* SceneDelegate.swift */,
				8CB31DEB28A51257002B90C9 /* Main.storyboard */,
				8CB31DEE28A51258002B90C9 /* Assets.xcassets */,
				8CB31DF028A51258002B90C9 /* LaunchScreen.storyboard */,
				8CB31DF328A51258002B90C9 /* Info.plist */,
				8CADC40028A513C900AC81EE /* MapViewController.swift */,
				8CADC40228A535F600AC81EE /* TheaterModel.swift */,
				8CADC40428A5360C00AC81EE /* TheaterDummyData.swift */,
			);
			path = MapProject;
			sourceTree = "<group>";
		};
/* End PBXGroup section */

/* Begin PBXNativeTarget section */
		8CB31DE128A51257002B90C9 /* MapProject */ = {
			isa = PBXNativeTarget;
			buildConfigurationList = 8CB31DF628A51258002B90C9 /* Build configuration list for PBXNativeTarget "MapProject" */;
			buildPhases = (
				8CB31DDE28A51257002B90C9 /* Sources */,
				8CB31DDF28A51257002B90C9 /* Frameworks */,
				8CB31DE028A51257002B90C9 /* Resources */,
			);
			buildRules = (
			);
			dependencies = (
			);
			name = MapProject;
			productName = MapProject;
			productReference = 8CB31DE228A51257002B90C9 /* MapProject.app */;
			productType = "com.apple.product-type.application";
		};
/* End PBXNativeTarget section */

/* Begin PBXProject section */
		8CB31DDA28A51257002B90C9 /* Project object */ = {
			isa = PBXProject;
			attributes = {
				BuildIndependentTargetsInParallel = 1;
				LastSwiftUpdateCheck = 1340;
				LastUpgradeCheck = 1340;
				TargetAttributes = {
					8CB31DE128A51257002B90C9 = {
						CreatedOnToolsVersion = 13.4.1;
					};
				};
			};
			buildConfigurationList = 8CB31DDD28A51257002B90C9 /* Build configuration list for PBXProject "MapProject" */;
			compatibilityVersion = "Xcode 13.0";
			developmentRegion = en;
			hasScannedForEncodings = 0;
			knownRegions = (
				en,
				Base,
			);
			mainGroup = 8CB31DD928A51257002B90C9;
			productRefGroup = 8CB31DE328A51257002B90C9 /* Products */;
			projectDirPath = "";
			projectRoot = "";
			targets = (
				8CB31DE128A51257002B90C9 /* MapProject */,
			);
		};
/* End PBXProject section */

/* Begin PBXResourcesBuildPhase section */
		8CB31DE028A51257002B90C9 /* Resources */ = {
			isa = PBXResourcesBuildPhase;
			buildActionMask = 2147483647;
			files = (
				8CB31DF228A51258002B90C9 /* LaunchScreen.storyboard in Resources */,
				8CB31DEF28A51258002B90C9 /* Assets.xcassets in Resources */,
				8CB31DED28A51257002B90C9 /* Main.storyboard in Resources */,
			);
			runOnlyForDeploymentPostprocessing = 0;
		};
/* End PBXResourcesBuildPhase section */

/* Begin PBXSourcesBuildPhase section */
		8CB31DDE28A51257002B90C9 /* Sources */ = {
			isa = PBXSourcesBuildPhase;
			buildActionMask = 2147483647;
			files = (
				8CB31DE628A51257002B90C9 /* AppDelegate.swift in Sources */,
				8CADC40128A513C900AC81EE /* MapViewController.swift in Sources */,
				8CB31DE828A51257002B90C9 /* SceneDelegate.swift in Sources */,
				8CADC40528A5360C00AC81EE /* TheaterDummyData.swift in Sources */,
				8CADC40328A535F600AC81EE /* TheaterModel.swift in Sources */,
			);
			runOnlyForDeploymentPostprocessing = 0;
		};
/* End PBXSourcesBuildPhase section */

/* Begin PBXVariantGroup section */
		8CB31DEB28A51257002B90C9 /* Main.storyboard */ = {
			isa = PBXVariantGroup;
			children = (
				8CB31DEC28A51257002B90C9 /* Base */,
			);
			name = Main.storyboard;
			sourceTree = "<group>";
		};
		8CB31DF028A51258002B90C9 /* LaunchScreen.storyboard */ = {
			isa = PBXVariantGroup;
			children = (
				8CB31DF128A51258002B90C9 /* Base */,
			);
			name = LaunchScreen.storyboard;
			sourceTree = "<group>";
		};
/* End PBXVariantGroup section */

/* Begin XCBuildConfiguration section */
		8CB31DF428A51258002B90C9 /* Debug */ = {
			isa = XCBuildConfiguration;
			buildSettings = {
				ALWAYS_SEARCH_USER_PATHS = NO;
				CLANG_ANALYZER_NONNULL = YES;
				CLANG_ANALYZER_NUMBER_OBJECT_CONVERSION = YES_AGGRESSIVE;
				CLANG_CXX_LANGUAGE_STANDARD = "gnu++17";
				CLANG_ENABLE_MODULES = YES;
				CLANG_ENABLE_OBJC_ARC = YES;
				CLANG_ENABLE_OBJC_WEAK = YES;
				CLANG_WARN_BLOCK_CAPTURE_AUTORELEASING = YES;
				CLANG_WARN_BOOL_CONVERSION = YES;
				CLANG_WARN_COMMA = YES;
				CLANG_WARN_CONSTANT_CONVERSION = YES;
				CLANG_WARN_DEPRECATED_OBJC_IMPLEMENTATIONS = YES;
				CLANG_WARN_DIRECT_OBJC_ISA_USAGE = YES_ERROR;
				CLANG_WARN_DOCUMENTATION_COMMENTS = YES;
				CLANG_WARN_EMPTY_BODY = YES;
				CLANG_WARN_ENUM_CONVERSION = YES;
				CLANG_WARN_INFINITE_RECURSION = YES;
				CLANG_WARN_INT_CONVERSION = YES;
				CLANG_WARN_NON_LITERAL_NULL_CONVERSION = YES;
				CLANG_WARN_OBJC_IMPLICIT_RETAIN_SELF = YES;
				CLANG_WARN_OBJC_LITERAL_CONVERSION = YES;
				CLANG_WARN_OBJC_ROOT_CLASS = YES_ERROR;
				CLANG_WARN_QUOTED_INCLUDE_IN_FRAMEWORK_HEADER = YES;
				CLANG_WARN_RANGE_LOOP_ANALYSIS = YES;
				CLANG_WARN_STRICT_PROTOTYPES = YES;
				CLANG_WARN_SUSPICIOUS_MOVE = YES;
				CLANG_WARN_UNGUARDED_AVAILABILITY = YES_AGGRESSIVE;
				CLANG_WARN_UNREACHABLE_CODE = YES;
				CLANG_WARN__DUPLICATE_METHOD_MATCH = YES;
				COPY_PHASE_STRIP = NO;
				DEBUG_INFORMATION_FORMAT = dwarf;
				ENABLE_STRICT_OBJC_MSGSEND = YES;
				ENABLE_TESTABILITY = YES;
				GCC_C_LANGUAGE_STANDARD = gnu11;
				GCC_DYNAMIC_NO_PIC = NO;
				GCC_NO_COMMON_BLOCKS = YES;
				GCC_OPTIMIZATION_LEVEL = 0;
				GCC_PREPROCESSOR_DEFINITIONS = (
					"DEBUG=1",
					"$(inherited)",
				);
				GCC_WARN_64_TO_32_BIT_CONVERSION = YES;
				GCC_WARN_ABOUT_RETURN_TYPE = YES_ERROR;
				GCC_WARN_UNDECLARED_SELECTOR = YES;
				GCC_WARN_UNINITIALIZED_AUTOS = YES_AGGRESSIVE;
				GCC_WARN_UNUSED_FUNCTION = YES;
				GCC_WARN_UNUSED_VARIABLE = YES;
				IPHONEOS_DEPLOYMENT_TARGET = 15.5;
				MTL_ENABLE_DEBUG_INFO = INCLUDE_SOURCE;
				MTL_FAST_MATH = YES;
				ONLY_ACTIVE_ARCH = YES;
				SDKROOT = iphoneos;
				SWIFT_ACTIVE_COMPILATION_CONDITIONS = DEBUG;
				SWIFT_OPTIMIZATION_LEVEL = "-Onone";
			};
			name = Debug;
		};
		8CB31DF528A51258002B90C9 /* Release */ = {
			isa = XCBuildConfiguration;
			buildSettings = {
				ALWAYS_SEARCH_USER_PATHS = NO;
				CLANG_ANALYZER_NONNULL = YES;
				CLANG_ANALYZER_NUMBER_OBJECT_CONVERSION = YES_AGGRESSIVE;
				CLANG_CXX_LANGUAGE_STANDARD = "gnu++17";
				CLANG_ENABLE_MODULES = YES;
				CLANG_ENABLE_OBJC_ARC = YES;
				CLANG_ENABLE_OBJC_WEAK = YES;
				CLANG_WARN_BLOCK_CAPTURE_AUTORELEASING = YES;
				CLANG_WARN_BOOL_CONVERSION = YES;
				CLANG_WARN_COMMA = YES;
				CLANG_WARN_CONSTANT_CONVERSION = YES;
				CLANG_WARN_DEPRECATED_OBJC_IMPLEMENTATIONS = YES;
				CLANG_WARN_DIRECT_OBJC_ISA_USAGE = YES_ERROR;
				CLANG_WARN_DOCUMENTATION_COMMENTS = YES;
				CLANG_WARN_EMPTY_BODY = YES;
				CLANG_WARN_ENUM_CONVERSION = YES;
				CLANG_WARN_INFINITE_RECURSION = YES;
				CLANG_WARN_INT_CONVERSION = YES;
				CLANG_WARN_NON_LITERAL_NULL_CONVERSION = YES;
				CLANG_WARN_OBJC_IMPLICIT_RETAIN_SELF = YES;
				CLANG_WARN_OBJC_LITERAL_CONVERSION = YES;
				CLANG_WARN_OBJC_ROOT_CLASS = YES_ERROR;
				CLANG_WARN_QUOTED_INCLUDE_IN_FRAMEWORK_HEADER = YES;
				CLANG_WARN_RANGE_LOOP_ANALYSIS = YES;
				CLANG_WARN_STRICT_PROTOTYPES = YES;
				CLANG_WARN_SUSPICIOUS_MOVE = YES;
				CLANG_WARN_UNGUARDED_AVAILABILITY = YES_AGGRESSIVE;
				CLANG_WARN_UNREACHABLE_CODE = YES;
				CLANG_WARN__DUPLICATE_METHOD_MATCH = YES;
				COPY_PHASE_STRIP = NO;
				DEBUG_INFORMATION_FORMAT = "dwarf-with-dsym";
				ENABLE_NS_ASSERTIONS = NO;
				ENABLE_STRICT_OBJC_MSGSEND = YES;
				GCC_C_LANGUAGE_STANDARD = gnu11;
				GCC_NO_COMMON_BLOCKS = YES;
				GCC_WARN_64_TO_32_BIT_CONVERSION = YES;
				GCC_WARN_ABOUT_RETURN_TYPE = YES_ERROR;
				GCC_WARN_UNDECLARED_SELECTOR = YES;
				GCC_WARN_UNINITIALIZED_AUTOS = YES_AGGRESSIVE;
				GCC_WARN_UNUSED_FUNCTION = YES;
				GCC_WARN_UNUSED_VARIABLE = YES;
				IPHONEOS_DEPLOYMENT_TARGET = 15.5;
				MTL_ENABLE_DEBUG_INFO = NO;
				MTL_FAST_MATH = YES;
				SDKROOT = iphoneos;
				SWIFT_COMPILATION_MODE = wholemodule;
				SWIFT_OPTIMIZATION_LEVEL = "-O";
				VALIDATE_PRODUCT = YES;
			};
			name = Release;
		};
		8CB31DF728A51258002B90C9 /* Debug */ = {
			isa = XCBuildConfiguration;
			buildSettings = {
				ASSETCATALOG_COMPILER_APPICON_NAME = AppIcon;
				ASSETCATALOG_COMPILER_GLOBAL_ACCENT_COLOR_NAME = AccentColor;
				CODE_SIGN_STYLE = Automatic;
				CURRENT_PROJECT_VERSION = 1;
				DEVELOPMENT_TEAM = MZV9V5LY2T;
				GENERATE_INFOPLIST_FILE = YES;
				INFOPLIST_FILE = MapProject/Info.plist;
				INFOPLIST_KEY_UIApplicationSupportsIndirectInputEvents = YES;
				INFOPLIST_KEY_UILaunchStoryboardName = LaunchScreen;
				INFOPLIST_KEY_UIMainStoryboardFile = Main;
				INFOPLIST_KEY_UISupportedInterfaceOrientations_iPad = "UIInterfaceOrientationPortrait UIInterfaceOrientationPortraitUpsideDown UIInterfaceOrientationLandscapeLeft UIInterfaceOrientationLandscapeRight";
				INFOPLIST_KEY_UISupportedInterfaceOrientations_iPhone = "UIInterfaceOrientationPortrait UIInterfaceOrientationLandscapeLeft UIInterfaceOrientationLandscapeRight";
				LD_RUNPATH_SEARCH_PATHS = (
					"$(inherited)",
					"@executable_path/Frameworks",
				);
				MARKETING_VERSION = 1.0;
				PRODUCT_BUNDLE_IDENTIFIER = com.tason.MapProject;
				PRODUCT_NAME = "$(TARGET_NAME)";
				SWIFT_EMIT_LOC_STRINGS = YES;
				SWIFT_VERSION = 5.0;
				TARGETED_DEVICE_FAMILY = "1,2";
			};
			name = Debug;
		};
		8CB31DF828A51258002B90C9 /* Release */ = {
			isa = XCBuildConfiguration;
			buildSettings = {
				ASSETCATALOG_COMPILER_APPICON_NAME = AppIcon;
				ASSETCATALOG_COMPILER_GLOBAL_ACCENT_COLOR_NAME = AccentColor;
				CODE_SIGN_STYLE = Automatic;
				CURRENT_PROJECT_VERSION = 1;
				DEVELOPMENT_TEAM = MZV9V5LY2T;
				GENERATE_INFOPLIST_FILE = YES;
				INFOPLIST_FILE = MapProject/Info.plist;
				INFOPLIST_KEY_UIApplicationSupportsIndirectInputEvents = YES;
				INFOPLIST_KEY_UILaunchStoryboardName = LaunchScreen;
				INFOPLIST_KEY_UIMainStoryboardFile = Main;
				INFOPLIST_KEY_UISupportedInterfaceOrientations_iPad = "UIInterfaceOrientationPortrait UIInterfaceOrientationPortraitUpsideDown UIInterfaceOrientationLandscapeLeft UIInterfaceOrientationLandscapeRight";
				INFOPLIST_KEY_UISupportedInterfaceOrientations_iPhone = "UIInterfaceOrientationPortrait UIInterfaceOrientationLandscapeLeft UIInterfaceOrientationLandscapeRight";
				LD_RUNPATH_SEARCH_PATHS = (
					"$(inherited)",
					"@executable_path/Frameworks",
				);
				MARKETING_VERSION = 1.0;
				PRODUCT_BUNDLE_IDENTIFIER = com.tason.MapProject;
				PRODUCT_NAME = "$(TARGET_NAME)";
				SWIFT_EMIT_LOC_STRINGS = YES;
				SWIFT_VERSION = 5.0;
				TARGETED_DEVICE_FAMILY = "1,2";
			};
			name = Release;
		};
/* End XCBuildConfiguration section */

/* Begin XCConfigurationList section */
		8CB31DDD28A51257002B90C9 /* Build configuration list for PBXProject "MapProject" */ = {
			isa = XCConfigurationList;
			buildConfigurations = (
				8CB31DF428A51258002B90C9 /* Debug */,
				8CB31DF528A51258002B90C9 /* Release */,
			);
			defaultConfigurationIsVisible = 0;
			defaultConfigurationName = Release;
		};
		8CB31DF628A51258002B90C9 /* Build configuration list for PBXNativeTarget "MapProject" */ = {
			isa = XCConfigurationList;
			buildConfigurations = (
				8CB31DF728A51258002B90C9 /* Debug */,
				8CB31DF828A51258002B90C9 /* Release */,
			);
			defaultConfigurationIsVisible = 0;
			defaultConfigurationName = Release;
		};
/* End XCConfigurationList section */
	};
	rootObject = 8CB31DDA28A51257002B90C9 /* Project object */;
}
